// !$*UTF8*$!
{
	archiveVersion = 1;
	classes = {
	};
	objectVersion = 55;
	objects = {

/* Begin PBXBuildFile section */
		116C24052720FB3A009DB609 /* SecondViewController.swift in Sources */ = {isa = PBXBuildFile; fileRef = 116C24042720FB3A009DB609 /* SecondViewController.swift */; };
		1173BA31271E579C0078EF2D /* AppDelegate.swift in Sources */ = {isa = PBXBuildFile; fileRef = 1173BA30271E579C0078EF2D /* AppDelegate.swift */; };
		1173BA33271E579C0078EF2D /* SceneDelegate.swift in Sources */ = {isa = PBXBuildFile; fileRef = 1173BA32271E579C0078EF2D /* SceneDelegate.swift */; };
		1173BA35271E579C0078EF2D /* ViewController.swift in Sources */ = {isa = PBXBuildFile; fileRef = 1173BA34271E579C0078EF2D /* ViewController.swift */; };
		1173BA38271E579C0078EF2D /* Main.storyboard in Resources */ = {isa = PBXBuildFile; fileRef = 1173BA36271E579C0078EF2D /* Main.storyboard */; };
		1173BA3A271E57A10078EF2D /* Assets.xcassets in Resources */ = {isa = PBXBuildFile; fileRef = 1173BA39271E57A10078EF2D /* Assets.xcassets */; };
		1173BA3D271E57A10078EF2D /* LaunchScreen.storyboard in Resources */ = {isa = PBXBuildFile; fileRef = 1173BA3B271E57A10078EF2D /* LaunchScreen.storyboard */; };
/* End PBXBuildFile section */

/* Begin PBXFileReference section */
		116C24042720FB3A009DB609 /* SecondViewController.swift */ = {isa = PBXFileReference; lastKnownFileType = sourcecode.swift; path = SecondViewController.swift; sourceTree = "<group>"; };
		1173BA2D271E579C0078EF2D /* CALayer Learning Project.app */ = {isa = PBXFileReference; explicitFileType = wrapper.application; includeInIndex = 0; path = "CALayer Learning Project.app"; sourceTree = BUILT_PRODUCTS_DIR; };
		1173BA30271E579C0078EF2D /* AppDelegate.swift */ = {isa = PBXFileReference; lastKnownFileType = sourcecode.swift; path = AppDelegate.swift; sourceTree = "<group>"; };
		1173BA32271E579C0078EF2D /* SceneDelegate.swift */ = {isa = PBXFileReference; lastKnownFileType = sourcecode.swift; path = SceneDelegate.swift; sourceTree = "<group>"; };
		1173BA34271E579C0078EF2D /* ViewController.swift */ = {isa = PBXFileReference; lastKnownFileType = sourcecode.swift; path = ViewController.swift; sourceTree = "<group>"; };
		1173BA37271E579C0078EF2D /* Base */ = {isa = PBXFileReference; lastKnownFileType = file.storyboard; name = Base; path = Base.lproj/Main.storyboard; sourceTree = "<group>"; };
		1173BA39271E57A10078EF2D /* Assets.xcassets */ = {isa = PBXFileReference; lastKnownFileType = folder.assetcatalog; path = Assets.xcassets; sourceTree = "<group>"; };
		1173BA3C271E57A10078EF2D /* Base */ = {isa = PBXFileReference; lastKnownFileType = file.storyboard; name = Base; path = Base.lproj/LaunchScreen.storyboard; sourceTree = "<group>"; };
		1173BA3E271E57A10078EF2D /* Info.plist */ = {isa = PBXFileReference; lastKnownFileType = text.plist.xml; path = Info.plist; sourceTree = "<group>"; };
/* End PBXFileReference section */

/* Begin PBXFrameworksBuildPhase section */
		1173BA2A271E579C0078EF2D /* Frameworks */ = {
			isa = PBXFrameworksBuildPhase;
			buildActionMask = 2147483647;
			files = (
			);
			runOnlyForDeploymentPostprocessing = 0;
		};
/* End PBXFrameworksBuildPhase section */

/* Begin PBXGroup section */
		1173BA24271E579C0078EF2D = {
			isa = PBXGroup;
			children = (
				1173BA2F271E579C0078EF2D /* CALayer Learning Project */,
				1173BA2E271E579C0078EF2D /* Products */,
			);
			sourceTree = "<group>";
		};
		1173BA2E271E579C0078EF2D /* Products */ = {
			isa = PBXGroup;
			children = (
				1173BA2D271E579C0078EF2D /* CALayer Learning Project.app */,
			);
			name = Products;
			sourceTree = "<group>";
		};
		1173BA2F271E579C0078EF2D /* CALayer Learning Project */ = {
			isa = PBXGroup;
			children = (
				1173BA44271E57B10078EF2D /* Application */,
				1173BA34271E579C0078EF2D /* ViewController.swift */,
				116C24042720FB3A009DB609 /* SecondViewController.swift */,
				1173BA46271E58320078EF2D /* IBuilder */,
				1173BA45271E57CE0078EF2D /* Supporting files */,
				1173BA3B271E57A10078EF2D /* LaunchScreen.storyboard */,
			);
			path = "CALayer Learning Project";
			sourceTree = "<group>";
		};
		1173BA44271E57B10078EF2D /* Application */ = {
			isa = PBXGroup;
			children = (
				1173BA30271E579C0078EF2D /* AppDelegate.swift */,
				1173BA32271E579C0078EF2D /* SceneDelegate.swift */,
			);
			path = Application;
			sourceTree = "<group>";
		};
		1173BA45271E57CE0078EF2D /* Supporting files */ = {
			isa = PBXGroup;
			children = (
				1173BA39271E57A10078EF2D /* Assets.xcassets */,
				1173BA3E271E57A10078EF2D /* Info.plist */,
			);
			path = "Supporting files";
			sourceTree = "<group>";
		};
		1173BA46271E58320078EF2D /* IBuilder */ = {
			isa = PBXGroup;
			children = (
				1173BA36271E579C0078EF2D /* Main.storyboard */,
			);
			path = IBuilder;
			sourceTree = "<group>";
		};
/* End PBXGroup section */

/* Begin PBXNativeTarget section */
		1173BA2C271E579C0078EF2D /* CALayer Learning Project */ = {
			isa = PBXNativeTarget;
			buildConfigurationList = 1173BA41271E57A10078EF2D /* Build configuration list for PBXNativeTarget "CALayer Learning Project" */;
			buildPhases = (
				1173BA29271E579C0078EF2D /* Sources */,
				1173BA2A271E579C0078EF2D /* Frameworks */,
				1173BA2B271E579C0078EF2D /* Resources */,
			);
			buildRules = (
			);
			dependencies = (
			);
			name = "CALayer Learning Project";
			productName = "CALayer Learning Project";
			productReference = 1173BA2D271E579C0078EF2D /* CALayer Learning Project.app */;
			productType = "com.apple.product-type.application";
		};
/* End PBXNativeTarget section */

/* Begin PBXProject section */
		1173BA25271E579C0078EF2D /* Project object */ = {
			isa = PBXProject;
			attributes = {
				BuildIndependentTargetsInParallel = 1;
				LastSwiftUpdateCheck = 1300;
				LastUpgradeCheck = 1300;
				TargetAttributes = {
					1173BA2C271E579C0078EF2D = {
						CreatedOnToolsVersion = 13.0;
					};
				};
			};
			buildConfigurationList = 1173BA28271E579C0078EF2D /* Build configuration list for PBXProject "CALayer Learning Project" */;
			compatibilityVersion = "Xcode 13.0";
			developmentRegion = en;
			hasScannedForEncodings = 0;
			knownRegions = (
				en,
				Base,
			);
			mainGroup = 1173BA24271E579C0078EF2D;
			productRefGroup = 1173BA2E271E579C0078EF2D /* Products */;
			projectDirPath = "";
			projectRoot = "";
			targets = (
				1173BA2C271E579C0078EF2D /* CALayer Learning Project */,
			);
		};
/* End PBXProject section */

/* Begin PBXResourcesBuildPhase section */
		1173BA2B271E579C0078EF2D /* Resources */ = {
			isa = PBXResourcesBuildPhase;
			buildActionMask = 2147483647;
			files = (
				1173BA3D271E57A10078EF2D /* LaunchScreen.storyboard in Resources */,
				1173BA3A271E57A10078EF2D /* Assets.xcassets in Resources */,
				1173BA38271E579C0078EF2D /* Main.storyboard in Resources */,
			);
			runOnlyForDeploymentPostprocessing = 0;
		};
/* End PBXResourcesBuildPhase section */

/* Begin PBXSourcesBuildPhase section */
		1173BA29271E579C0078EF2D /* Sources */ = {
			isa = PBXSourcesBuildPhase;
			buildActionMask = 2147483647;
			files = (
				1173BA35271E579C0078EF2D /* ViewController.swift in Sources */,
				1173BA31271E579C0078EF2D /* AppDelegate.swift in Sources */,
				116C24052720FB3A009DB609 /* SecondViewController.swift in Sources */,
				1173BA33271E579C0078EF2D /* SceneDelegate.swift in Sources */,
			);
			runOnlyForDeploymentPostprocessing = 0;
		};
/* End PBXSourcesBuildPhase section */

/* Begin PBXVariantGroup section */
		1173BA36271E579C0078EF2D /* Main.storyboard */ = {
			isa = PBXVariantGroup;
			children = (
				1173BA37271E579C0078EF2D /* Base */,
			);
			name = Main.storyboard;
			sourceTree = "<group>";
		};
		1173BA3B271E57A10078EF2D /* LaunchScreen.storyboard */ = {
			isa = PBXVariantGroup;
			children = (
				1173BA3C271E57A10078EF2D /* Base */,
			);
			name = LaunchScreen.storyboard;
			sourceTree = "<group>";
		};
/* End PBXVariantGroup section */

/* Begin XCBuildConfiguration section */
		1173BA3F271E57A10078EF2D /* Debug */ = {
			isa = XCBuildConfiguration;
			buildSettings = {
				ALWAYS_SEARCH_USER_PATHS = NO;
				CLANG_ANALYZER_NONNULL = YES;
				CLANG_ANALYZER_NUMBER_OBJECT_CONVERSION = YES_AGGRESSIVE;
				CLANG_CXX_LANGUAGE_STANDARD = "gnu++17";
				CLANG_CXX_LIBRARY = "libc++";
				CLANG_ENABLE_MODULES = YES;
				CLANG_ENABLE_OBJC_ARC = YES;
				CLANG_ENABLE_OBJC_WEAK = YES;
				CLANG_WARN_BLOCK_CAPTURE_AUTORELEASING = YES;
				CLANG_WARN_BOOL_CONVERSION = YES;
				CLANG_WARN_COMMA = YES;
				CLANG_WARN_CONSTANT_CONVERSION = YES;
				CLANG_WARN_DEPRECATED_OBJC_IMPLEMENTATIONS = YES;
				CLANG_WARN_DIRECT_OBJC_ISA_USAGE = YES_ERROR;
				CLANG_WARN_DOCUMENTATION_COMMENTS = YES;
				CLANG_WARN_EMPTY_BODY = YES;
				CLANG_WARN_ENUM_CONVERSION = YES;
				CLANG_WARN_INFINITE_RECURSION = YES;
				CLANG_WARN_INT_CONVERSION = YES;
				CLANG_WARN_NON_LITERAL_NULL_CONVERSION = YES;
				CLANG_WARN_OBJC_IMPLICIT_RETAIN_SELF = YES;
				CLANG_WARN_OBJC_LITERAL_CONVERSION = YES;
				CLANG_WARN_OBJC_ROOT_CLASS = YES_ERROR;
				CLANG_WARN_QUOTED_INCLUDE_IN_FRAMEWORK_HEADER = YES;
				CLANG_WARN_RANGE_LOOP_ANALYSIS = YES;
				CLANG_WARN_STRICT_PROTOTYPES = YES;
				CLANG_WARN_SUSPICIOUS_MOVE = YES;
				CLANG_WARN_UNGUARDED_AVAILABILITY = YES_AGGRESSIVE;
				CLANG_WARN_UNREACHABLE_CODE = YES;
				CLANG_WARN__DUPLICATE_METHOD_MATCH = YES;
				COPY_PHASE_STRIP = NO;
				DEBUG_INFORMATION_FORMAT = dwarf;
				ENABLE_STRICT_OBJC_MSGSEND = YES;
				ENABLE_TESTABILITY = YES;
				GCC_C_LANGUAGE_STANDARD = gnu11;
				GCC_DYNAMIC_NO_PIC = NO;
				GCC_NO_COMMON_BLOCKS = YES;
				GCC_OPTIMIZATION_LEVEL = 0;
				GCC_PREPROCESSOR_DEFINITIONS = (
					"DEBUG=1",
					"$(inherited)",
				);
				GCC_WARN_64_TO_32_BIT_CONVERSION = YES;
				GCC_WARN_ABOUT_RETURN_TYPE = YES_ERROR;
				GCC_WARN_UNDECLARED_SELECTOR = YES;
				GCC_WARN_UNINITIALIZED_AUTOS = YES_AGGRESSIVE;
				GCC_WARN_UNUSED_FUNCTION = YES;
				GCC_WARN_UNUSED_VARIABLE = YES;
				IPHONEOS_DEPLOYMENT_TARGET = 15.0;
				MTL_ENABLE_DEBUG_INFO = INCLUDE_SOURCE;
				MTL_FAST_MATH = YES;
				ONLY_ACTIVE_ARCH = YES;
				SDKROOT = iphoneos;
				SWIFT_ACTIVE_COMPILATION_CONDITIONS = DEBUG;
				SWIFT_OPTIMIZATION_LEVEL = "-Onone";
			};
			name = Debug;
		};
		1173BA40271E57A10078EF2D /* Release */ = {
			isa = XCBuildConfiguration;
			buildSettings = {
				ALWAYS_SEARCH_USER_PATHS = NO;
				CLANG_ANALYZER_NONNULL = YES;
				CLANG_ANALYZER_NUMBER_OBJECT_CONVERSION = YES_AGGRESSIVE;
				CLANG_CXX_LANGUAGE_STANDARD = "gnu++17";
				CLANG_CXX_LIBRARY = "libc++";
				CLANG_ENABLE_MODULES = YES;
				CLANG_ENABLE_OBJC_ARC = YES;
				CLANG_ENABLE_OBJC_WEAK = YES;
				CLANG_WARN_BLOCK_CAPTURE_AUTORELEASING = YES;
				CLANG_WARN_BOOL_CONVERSION = YES;
				CLANG_WARN_COMMA = YES;
				CLANG_WARN_CONSTANT_CONVERSION = YES;
				CLANG_WARN_DEPRECATED_OBJC_IMPLEMENTATIONS = YES;
				CLANG_WARN_DIRECT_OBJC_ISA_USAGE = YES_ERROR;
				CLANG_WARN_DOCUMENTATION_COMMENTS = YES;
				CLANG_WARN_EMPTY_BODY = YES;
				CLANG_WARN_ENUM_CONVERSION = YES;
				CLANG_WARN_INFINITE_RECURSION = YES;
				CLANG_WARN_INT_CONVERSION = YES;
				CLANG_WARN_NON_LITERAL_NULL_CONVERSION = YES;
				CLANG_WARN_OBJC_IMPLICIT_RETAIN_SELF = YES;
				CLANG_WARN_OBJC_LITERAL_CONVERSION = YES;
				CLANG_WARN_OBJC_ROOT_CLASS = YES_ERROR;
				CLANG_WARN_QUOTED_INCLUDE_IN_FRAMEWORK_HEADER = YES;
				CLANG_WARN_RANGE_LOOP_ANALYSIS = YES;
				CLANG_WARN_STRICT_PROTOTYPES = YES;
				CLANG_WARN_SUSPICIOUS_MOVE = YES;
				CLANG_WARN_UNGUARDED_AVAILABILITY = YES_AGGRESSIVE;
				CLANG_WARN_UNREACHABLE_CODE = YES;
				CLANG_WARN__DUPLICATE_METHOD_MATCH = YES;
				COPY_PHASE_STRIP = NO;
				DEBUG_INFORMATION_FORMAT = "dwarf-with-dsym";
				ENABLE_NS_ASSERTIONS = NO;
				ENABLE_STRICT_OBJC_MSGSEND = YES;
				GCC_C_LANGUAGE_STANDARD = gnu11;
				GCC_NO_COMMON_BLOCKS = YES;
				GCC_WARN_64_TO_32_BIT_CONVERSION = YES;
				GCC_WARN_ABOUT_RETURN_TYPE = YES_ERROR;
				GCC_WARN_UNDECLARED_SELECTOR = YES;
				GCC_WARN_UNINITIALIZED_AUTOS = YES_AGGRESSIVE;
				GCC_WARN_UNUSED_FUNCTION = YES;
				GCC_WARN_UNUSED_VARIABLE = YES;
				IPHONEOS_DEPLOYMENT_TARGET = 15.0;
				MTL_ENABLE_DEBUG_INFO = NO;
				MTL_FAST_MATH = YES;
				SDKROOT = iphoneos;
				SWIFT_COMPILATION_MODE = wholemodule;
				SWIFT_OPTIMIZATION_LEVEL = "-O";
				VALIDATE_PRODUCT = YES;
			};
			name = Release;
		};
		1173BA42271E57A10078EF2D /* Debug */ = {
			isa = XCBuildConfiguration;
			buildSettings = {
				ASSETCATALOG_COMPILER_APPICON_NAME = AppIcon;
				ASSETCATALOG_COMPILER_GLOBAL_ACCENT_COLOR_NAME = AccentColor;
				CODE_SIGN_STYLE = Automatic;
				CURRENT_PROJECT_VERSION = 1;
				DEVELOPMENT_TEAM = 3JF86XZDGA;
				GENERATE_INFOPLIST_FILE = YES;
				INFOPLIST_FILE = "CALayer Learning Project/Supporting files/Info.plist";
				INFOPLIST_KEY_UIApplicationSupportsIndirectInputEvents = YES;
				INFOPLIST_KEY_UILaunchStoryboardName = LaunchScreen;
				INFOPLIST_KEY_UIMainStoryboardFile = Main;
				INFOPLIST_KEY_UISupportedInterfaceOrientations = "";
				INFOPLIST_KEY_UISupportedInterfaceOrientations_iPad = "UIInterfaceOrientationPortrait UIInterfaceOrientationPortraitUpsideDown UIInterfaceOrientationLandscapeLeft UIInterfaceOrientationLandscapeRight";
				INFOPLIST_KEY_UISupportedInterfaceOrientations_iPhone = "UIInterfaceOrientationPortrait UIInterfaceOrientationLandscapeLeft UIInterfaceOrientationLandscapeRight";
				LD_RUNPATH_SEARCH_PATHS = (
					"$(inherited)",
					"@executable_path/Frameworks",
				);
				MARKETING_VERSION = 1.0;
				PRODUCT_BUNDLE_IDENTIFIER = "AlexanderBykov.CALayer-Learning-Project";
				PRODUCT_NAME = "$(TARGET_NAME)";
				SWIFT_EMIT_LOC_STRINGS = YES;
				SWIFT_VERSION = 5.0;
				TARGETED_DEVICE_FAMILY = "1,2";
			};
			name = Debug;
		};
		1173BA43271E57A10078EF2D /* Release */ = {
			isa = XCBuildConfiguration;
			buildSettings = {
				ASSETCATALOG_COMPILER_APPICON_NAME = AppIcon;
				ASSETCATALOG_COMPILER_GLOBAL_ACCENT_COLOR_NAME = AccentColor;
				CODE_SIGN_STYLE = Automatic;
				CURRENT_PROJECT_VERSION = 1;
				DEVELOPMENT_TEAM = 3JF86XZDGA;
				GENERATE_INFOPLIST_FILE = YES;
				INFOPLIST_FILE = "CALayer Learning Project/Supporting files/Info.plist";
				INFOPLIST_KEY_UIApplicationSupportsIndirectInputEvents = YES;
				INFOPLIST_KEY_UILaunchStoryboardName = LaunchScreen;
				INFOPLIST_KEY_UIMainStoryboardFile = Main;
				INFOPLIST_KEY_UISupportedInterfaceOrientations = "";
				INFOPLIST_KEY_UISupportedInterfaceOrientations_iPad = "UIInterfaceOrientationPortrait UIInterfaceOrientationPortraitUpsideDown UIInterfaceOrientationLandscapeLeft UIInterfaceOrientationLandscapeRight";
				INFOPLIST_KEY_UISupportedInterfaceOrientations_iPhone = "UIInterfaceOrientationPortrait UIInterfaceOrientationLandscapeLeft UIInterfaceOrientationLandscapeRight";
				LD_RUNPATH_SEARCH_PATHS = (
					"$(inherited)",
					"@executable_path/Frameworks",
				);
				MARKETING_VERSION = 1.0;
				PRODUCT_BUNDLE_IDENTIFIER = "AlexanderBykov.CALayer-Learning-Project";
				PRODUCT_NAME = "$(TARGET_NAME)";
				SWIFT_EMIT_LOC_STRINGS = YES;
				SWIFT_VERSION = 5.0;
				TARGETED_DEVICE_FAMILY = "1,2";
			};
			name = Release;
		};
/* End XCBuildConfiguration section */

/* Begin XCConfigurationList section */
		1173BA28271E579C0078EF2D /* Build configuration list for PBXProject "CALayer Learning Project" */ = {
			isa = XCConfigurationList;
			buildConfigurations = (
				1173BA3F271E57A10078EF2D /* Debug */,
				1173BA40271E57A10078EF2D /* Release */,
			);
			defaultConfigurationIsVisible = 0;
			defaultConfigurationName = Release;
		};
		1173BA41271E57A10078EF2D /* Build configuration list for PBXNativeTarget "CALayer Learning Project" */ = {
			isa = XCConfigurationList;
			buildConfigurations = (
				1173BA42271E57A10078EF2D /* Debug */,
				1173BA43271E57A10078EF2D /* Release */,
			);
			defaultConfigurationIsVisible = 0;
			defaultConfigurationName = Release;
		};
/* End XCConfigurationList section */
	};
	rootObject = 1173BA25271E579C0078EF2D /* Project object */;
}
